{
  "name": "lxs-devblog",
  "lockfileVersion": 2,
  "requires": true,
  "packages": {
    "": {
      "dependencies": {
        "@editorjs/editorjs": "^2.30.8",
        "@editorjs/header": "^2.8.8",
        "@editorjs/image": "^2.10.2",
        "@editorjs/list": "^2.0.4",
        "@editorjs/paragraph": "^2.11.7"
      }
    },
    "node_modules/@codexteam/icons": {
      "version": "0.0.5",
      "resolved": "https://registry.npmjs.org/@codexteam/icons/-/icons-0.0.5.tgz",
      "integrity": "sha512-s6H2KXhLz2rgbMZSkRm8dsMJvyUNZsEjxobBEg9ztdrb1B2H3pEzY6iTwI4XUPJWJ3c3qRKwV4TrO3J5jUdoQA=="
    },
    "node_modules/@editorjs/editorjs": {
      "version": "2.30.8",
      "resolved": "https://registry.npmjs.org/@editorjs/editorjs/-/editorjs-2.30.8.tgz",
      "integrity": "sha512-ClFuxI1qZTfXPJTacQfsJtOUP6bKoIe6BQNdAvGsDTDVwMnZEzoaSOwvUpdZEE56xppVfQueNK/1MElV9SJKHg=="
    },
    "node_modules/@editorjs/header": {
      "version": "2.8.8",
      "resolved": "https://registry.npmjs.org/@editorjs/header/-/header-2.8.8.tgz",
      "integrity": "sha512-bsMSs34u2hoi0UBuRoc5EGWXIFzJiwYgkFUYQGVm63y5FU+s8zPBmVx5Ip2sw1xgs0fqfDROqmteMvvmbCy62w==",
      "dependencies": {
        "@codexteam/icons": "^0.0.5",
        "@editorjs/editorjs": "^2.29.1"
      }
    },
    "node_modules/@editorjs/image": {
      "version": "2.10.2",
      "resolved": "https://registry.npmjs.org/@editorjs/image/-/image-2.10.2.tgz",
      "integrity": "sha512-SU0nP9NhqwA7+Jlco/E7zjYjtRUrVGSOW8bsrrEnH8my588UW7mPGa1zwAHFs/UMB0x8LXKOb1iq40db+2iC6A==",
      "dependencies": {
        "@codexteam/icons": "^0.3.0"
      }
    },
    "node_modules/@editorjs/image/node_modules/@codexteam/icons": {
      "version": "0.3.3",
      "resolved": "https://registry.npmjs.org/@codexteam/icons/-/icons-0.3.3.tgz",
      "integrity": "sha512-cp7mkZPgmBuSxigTm3Vb+DtVHYeX7qXfQd7o05vcLD8Ag5WvRlol2QSn5P10k0CDAJwmkH9nQGQLBycErS9lsQ=="
    },
    "node_modules/@editorjs/list": {
      "version": "2.0.4",
      "resolved": "https://registry.npmjs.org/@editorjs/list/-/list-2.0.4.tgz",
      "integrity": "sha512-KLrm/oti5DSx8coNvbgYOwpog3gsCVALoXquNKMvW7BLHeKTMAtg/tO/v7BipgV/EKk5CT+ocoofPtufDU9Irg==",
      "dependencies": {
        "@codexteam/icons": "^0.3.2"
      }
    },
    "node_modules/@editorjs/list/node_modules/@codexteam/icons": {
      "version": "0.3.3",
      "resolved": "https://registry.npmjs.org/@codexteam/icons/-/icons-0.3.3.tgz",
      "integrity": "sha512-cp7mkZPgmBuSxigTm3Vb+DtVHYeX7qXfQd7o05vcLD8Ag5WvRlol2QSn5P10k0CDAJwmkH9nQGQLBycErS9lsQ=="
    },
    "node_modules/@editorjs/paragraph": {
      "version": "2.11.7",
      "resolved": "https://registry.npmjs.org/@editorjs/paragraph/-/paragraph-2.11.7.tgz",
      "integrity": "sha512-qD6bbWvRc4VvP0mXDOm+hOhzzhUYR9ZjcAvgCuKWcCbUMpCvhVF1s8NX40zdjekPi6JEnuHTamCncTrSzVsVhw==",
      "dependencies": {
        "@codexteam/icons": "^0.0.4"
      }
    },
    "node_modules/@editorjs/paragraph/node_modules/@codexteam/icons": {
      "version": "0.0.4",
      "resolved": "https://registry.npmjs.org/@codexteam/icons/-/icons-0.0.4.tgz",
      "integrity": "sha512-V8N/TY2TGyas4wLrPIFq7bcow68b3gu8DfDt1+rrHPtXxcexadKauRJL6eQgfG7Z0LCrN4boLRawR4S9gjIh/Q=="
    }
  },
  "dependencies": {
    "@codexteam/icons": {
      "version": "0.0.5",
      "resolved": "https://registry.npmjs.org/@codexteam/icons/-/icons-0.0.5.tgz",
      "integrity": "sha512-s6H2KXhLz2rgbMZSkRm8dsMJvyUNZsEjxobBEg9ztdrb1B2H3pEzY6iTwI4XUPJWJ3c3qRKwV4TrO3J5jUdoQA=="
    },
    "@editorjs/editorjs": {
      "version": "2.30.8",
      "resolved": "https://registry.npmjs.org/@editorjs/editorjs/-/editorjs-2.30.8.tgz",
      "integrity": "sha512-ClFuxI1qZTfXPJTacQfsJtOUP6bKoIe6BQNdAvGsDTDVwMnZEzoaSOwvUpdZEE56xppVfQueNK/1MElV9SJKHg=="
    },
    "@editorjs/header": {
      "version": "2.8.8",
      "resolved": "https://registry.npmjs.org/@editorjs/header/-/header-2.8.8.tgz",
      "integrity": "sha512-bsMSs34u2hoi0UBuRoc5EGWXIFzJiwYgkFUYQGVm63y5FU+s8zPBmVx5Ip2sw1xgs0fqfDROqmteMvvmbCy62w==",
      "requires": {
        "@codexteam/icons": "^0.0.5",
        "@editorjs/editorjs": "^2.29.1"
      }
    },
    "@editorjs/image": {
      "version": "2.10.2",
      "resolved": "https://registry.npmjs.org/@editorjs/image/-/image-2.10.2.tgz",
      "integrity": "sha512-SU0nP9NhqwA7+Jlco/E7zjYjtRUrVGSOW8bsrrEnH8my588UW7mPGa1zwAHFs/UMB0x8LXKOb1iq40db+2iC6A==",
      "requires": {
        "@codexteam/icons": "^0.3.0"
      },
      "dependencies": {
        "@codexteam/icons": {
          "version": "0.3.3",
          "resolved": "https://registry.npmjs.org/@codexteam/icons/-/icons-0.3.3.tgz",
          "integrity": "sha512-cp7mkZPgmBuSxigTm3Vb+DtVHYeX7qXfQd7o05vcLD8Ag5WvRlol2QSn5P10k0CDAJwmkH9nQGQLBycErS9lsQ=="
        }
      }
    },
    "@editorjs/list": {
      "version": "2.0.4",
      "resolved": "https://registry.npmjs.org/@editorjs/list/-/list-2.0.4.tgz",
      "integrity": "sha512-KLrm/oti5DSx8coNvbgYOwpog3gsCVALoXquNKMvW7BLHeKTMAtg/tO/v7BipgV/EKk5CT+ocoofPtufDU9Irg==",
      "requires": {
        "@codexteam/icons": "^0.3.2"
      },
      "dependencies": {
        "@codexteam/icons": {
          "version": "0.3.3",
          "resolved": "https://registry.npmjs.org/@codexteam/icons/-/icons-0.3.3.tgz",
          "integrity": "sha512-cp7mkZPgmBuSxigTm3Vb+DtVHYeX7qXfQd7o05vcLD8Ag5WvRlol2QSn5P10k0CDAJwmkH9nQGQLBycErS9lsQ=="
        }
      }
    },
    "@editorjs/paragraph": {
      "version": "2.11.7",
      "resolved": "https://registry.npmjs.org/@editorjs/paragraph/-/paragraph-2.11.7.tgz",
      "integrity": "sha512-qD6bbWvRc4VvP0mXDOm+hOhzzhUYR9ZjcAvgCuKWcCbUMpCvhVF1s8NX40zdjekPi6JEnuHTamCncTrSzVsVhw==",
      "requires": {
        "@codexteam/icons": "^0.0.4"
      },
      "dependencies": {
        "@codexteam/icons": {
          "version": "0.0.4",
          "resolved": "https://registry.npmjs.org/@codexteam/icons/-/icons-0.0.4.tgz",
          "integrity": "sha512-V8N/TY2TGyas4wLrPIFq7bcow68b3gu8DfDt1+rrHPtXxcexadKauRJL6eQgfG7Z0LCrN4boLRawR4S9gjIh/Q=="
        }
      }
    }
  }
}
