# THIS IS AN AUTOGENERATED FILE. DO NOT EDIT THIS FILE DIRECTLY.
# yarn lockfile v1


"@editorjs/editorjs@^2.30.8":
  "integrity" "sha512-ClFuxI1qZTfXPJTacQfsJtOUP6bKoIe6BQNdAvGsDTDVwMnZEzoaSOwvUpdZEE56xppVfQueNK/1MElV9SJKHg=="
  "resolved" "https://registry.npmjs.org/@editorjs/editorjs/-/editorjs-2.30.8.tgz"
  "version" "2.30.8"

"@popperjs/core@^2.11.8":
  "integrity" "sha512-P1st0aksCrn9sGZhp8GMYwBnQsbvAWsZAX44oXNNvLHGqAOcoVxmjZiohstwQ7SqKnbR47akdNi+uleWD8+g6A=="
  "resolved" "https://registry.npmjs.org/@popperjs/core/-/core-2.11.8.tgz"
  "version" "2.11.8"

"bootstrap@^5.3.3":
  "integrity" "sha512-8HLCdWgyoMguSO9o+aH+iuZ+aht+mzW0u3HIMzVu7Srrpv7EBBxTnrFlSCskwdY1+EOFQSm7uMJhNQHkdPcmjg=="
  "resolved" "https://registry.npmjs.org/bootstrap/-/bootstrap-5.3.3.tgz"
  "version" "5.3.3"

"esbuild@0.25.0":
  "integrity" "sha512-BXq5mqc8ltbaN34cDqWuYKyNhX8D/Z0J1xdtdQ8UcIIIyJyz+ZMKUt58tF3SrZ85jcfN/PZYhjR5uDQAYNVbuw=="
  "resolved" "https://registry.npmjs.org/esbuild/-/esbuild-0.25.0.tgz"
  "version" "0.25.0"
  optionalDependencies:
    "@esbuild/aix-ppc64" "0.25.0"
    "@esbuild/android-arm" "0.25.0"
    "@esbuild/android-arm64" "0.25.0"
    "@esbuild/android-x64" "0.25.0"
    "@esbuild/darwin-arm64" "0.25.0"
    "@esbuild/darwin-x64" "0.25.0"
    "@esbuild/freebsd-arm64" "0.25.0"
    "@esbuild/freebsd-x64" "0.25.0"
    "@esbuild/linux-arm" "0.25.0"
    "@esbuild/linux-arm64" "0.25.0"
    "@esbuild/linux-ia32" "0.25.0"
    "@esbuild/linux-loong64" "0.25.0"
    "@esbuild/linux-mips64el" "0.25.0"
    "@esbuild/linux-ppc64" "0.25.0"
    "@esbuild/linux-riscv64" "0.25.0"
    "@esbuild/linux-s390x" "0.25.0"
    "@esbuild/linux-x64" "0.25.0"
    "@esbuild/netbsd-arm64" "0.25.0"
    "@esbuild/netbsd-x64" "0.25.0"
    "@esbuild/openbsd-arm64" "0.25.0"
    "@esbuild/openbsd-x64" "0.25.0"
    "@esbuild/sunos-x64" "0.25.0"
    "@esbuild/win32-arm64" "0.25.0"
    "@esbuild/win32-ia32" "0.25.0"
    "@esbuild/win32-x64" "0.25.0"
